
Microsoft Visual Studio Solution File, Format Version 12.00
# Visual Studio Version 17
VisualStudioVersion = 17.0.31912.275
MinimumVisualStudioVersion = 10.0.40219.1
Project("{8BC9CEB8-8B4A-11D0-8D11-00A0C91BC942}") = "ICG_LAB3", "ICG_LAB3\ICG_LAB3.vcxproj", "{10CA62BD-2E37-468B-918F-E2CFFF099B7D}"
EndProject
Global
	GlobalSection(SolutionConfigurationPlatforms) = preSolution
		Debug|x64 = Debug|x64
		Debug|x86 = Debug|x86
		Release|x64 = Release|x64
		Release|x86 = Release|x86
	EndGlobalSection
	GlobalSection(ProjectConfigurationPlatforms) = postSolution
		{10CA62BD-2E37-468B-918F-E2CFFF099B7D}.Debug|x64.ActiveCfg = Debug|x64
		{10CA62BD-2E37-468B-918F-E2CFFF099B7D}.Debug|x64.Build.0 = Debug|x64
		{10CA62BD-2E37-468B-918F-E2CFFF099B7D}.Debug|x86.ActiveCfg = Debug|Win32
		{10CA62BD-2E37-468B-918F-E2CFFF099B7D}.Debug|x86.Build.0 = Debug|Win32
		{10CA62BD-2E37-468B-918F-E2CFFF099B7D}.Release|x64.ActiveCfg = Release|x64
		{10CA62BD-2E37-468B-918F-E2CFFF099B7D}.Release|x64.Build.0 = Release|x64
		{10CA62BD-2E37-468B-918F-E2CFFF099B7D}.Release|x86.ActiveCfg = Release|Win32
		{10CA62BD-2E37-468B-918F-E2CFFF099B7D}.Release|x86.Build.0 = Release|Win32
	EndGlobalSection
	GlobalSection(SolutionProperties) = preSolution
		HideSolutionNode = FALSE
	EndGlobalSection
	GlobalSection(ExtensibilityGlobals) = postSolution
		SolutionGuid = {64B8DB34-804F-4503-9B00-616897BF01B6}
	EndGlobalSection
EndGlobal
